
Microsoft Visual Studio Solution File, Format Version 12.00
Project("{FAE04EC0-301F-11D3-BF4B-00C04F79EFBC}") = "kolokwium_1", "kolokwium_1.csproj", "{8539CF68-D50B-4782-8B6E-A3D7615E418C}"
EndProject
Global
	GlobalSection(SolutionConfigurationPlatforms) = preSolution
		Debug|Any CPU = Debug|Any CPU
		Release|Any CPU = Release|Any CPU
	EndGlobalSection
	GlobalSection(ProjectConfigurationPlatforms) = postSolution
		{8539CF68-D50B-4782-8B6E-A3D7615E418C}.Debug|Any CPU.ActiveCfg = Debug|Any CPU
		{8539CF68-D50B-4782-8B6E-A3D7615E418C}.Debug|Any CPU.Build.0 = Debug|Any CPU
		{8539CF68-D50B-4782-8B6E-A3D7615E418C}.Release|Any CPU.ActiveCfg = Release|Any CPU
		{8539CF68-D50B-4782-8B6E-A3D7615E418C}.Release|Any CPU.Build.0 = Release|Any CPU
	EndGlobalSection
EndGlobal
